// !$*UTF8*$!
{
	archiveVersion = 1;
	classes = {
	};
	objectVersion = 55;
	objects = {

/* Begin PBXBuildFile section */
		B9EE4269286B5F7000CFCAB5 /* AppDelegate.swift in Sources */ = {isa = PBXBuildFile; fileRef = B9EE4268286B5F7000CFCAB5 /* AppDelegate.swift */; };
		B9EE426B286B5F7000CFCAB5 /* SceneDelegate.swift in Sources */ = {isa = PBXBuildFile; fileRef = B9EE426A286B5F7000CFCAB5 /* SceneDelegate.swift */; };
		B9EE426D286B5F7000CFCAB5 /* ViewController.swift in Sources */ = {isa = PBXBuildFile; fileRef = B9EE426C286B5F7000CFCAB5 /* ViewController.swift */; };
		B9EE4270286B5F7000CFCAB5 /* Main.storyboard in Resources */ = {isa = PBXBuildFile; fileRef = B9EE426E286B5F7000CFCAB5 /* Main.storyboard */; };
		B9EE4273286B5F7000CFCAB5 /* ToDoList.xcdatamodeld in Sources */ = {isa = PBXBuildFile; fileRef = B9EE4271286B5F7000CFCAB5 /* ToDoList.xcdatamodeld */; };
		B9EE4275286B5F7100CFCAB5 /* Assets.xcassets in Resources */ = {isa = PBXBuildFile; fileRef = B9EE4274286B5F7100CFCAB5 /* Assets.xcassets */; };
		B9EE4278286B5F7100CFCAB5 /* LaunchScreen.storyboard in Resources */ = {isa = PBXBuildFile; fileRef = B9EE4276286B5F7100CFCAB5 /* LaunchScreen.storyboard */; };
		B9EE4283286B5F7200CFCAB5 /* ToDoListTests.swift in Sources */ = {isa = PBXBuildFile; fileRef = B9EE4282286B5F7200CFCAB5 /* ToDoListTests.swift */; };
		B9EE428D286B5F7200CFCAB5 /* ToDoListUITests.swift in Sources */ = {isa = PBXBuildFile; fileRef = B9EE428C286B5F7200CFCAB5 /* ToDoListUITests.swift */; };
		B9EE428F286B5F7200CFCAB5 /* ToDoListUITestsLaunchTests.swift in Sources */ = {isa = PBXBuildFile; fileRef = B9EE428E286B5F7200CFCAB5 /* ToDoListUITestsLaunchTests.swift */; };
		B9EE429C286B640300CFCAB5 /* ToDoTableViewController.swift in Sources */ = {isa = PBXBuildFile; fileRef = B9EE429B286B640300CFCAB5 /* ToDoTableViewController.swift */; };
		B9EE429E286B645C00CFCAB5 /* ToDo.swift in Sources */ = {isa = PBXBuildFile; fileRef = B9EE429D286B645C00CFCAB5 /* ToDo.swift */; };
/* End PBXBuildFile section */

/* Begin PBXContainerItemProxy section */
		B9EE427F286B5F7200CFCAB5 /* PBXContainerItemProxy */ = {
			isa = PBXContainerItemProxy;
			containerPortal = B9EE425D286B5F7000CFCAB5 /* Project object */;
			proxyType = 1;
			remoteGlobalIDString = B9EE4264286B5F7000CFCAB5;
			remoteInfo = ToDoList;
		};
		B9EE4289286B5F7200CFCAB5 /* PBXContainerItemProxy */ = {
			isa = PBXContainerItemProxy;
			containerPortal = B9EE425D286B5F7000CFCAB5 /* Project object */;
			proxyType = 1;
			remoteGlobalIDString = B9EE4264286B5F7000CFCAB5;
			remoteInfo = ToDoList;
		};
/* End PBXContainerItemProxy section */

/* Begin PBXFileReference section */
		B9EE4265286B5F7000CFCAB5 /* ToDoList.app */ = {isa = PBXFileReference; explicitFileType = wrapper.application; includeInIndex = 0; path = ToDoList.app; sourceTree = BUILT_PRODUCTS_DIR; };
		B9EE4268286B5F7000CFCAB5 /* AppDelegate.swift */ = {isa = PBXFileReference; lastKnownFileType = sourcecode.swift; path = AppDelegate.swift; sourceTree = "<group>"; };
		B9EE426A286B5F7000CFCAB5 /* SceneDelegate.swift */ = {isa = PBXFileReference; lastKnownFileType = sourcecode.swift; path = SceneDelegate.swift; sourceTree = "<group>"; };
		B9EE426C286B5F7000CFCAB5 /* ViewController.swift */ = {isa = PBXFileReference; lastKnownFileType = sourcecode.swift; path = ViewController.swift; sourceTree = "<group>"; };
		B9EE426F286B5F7000CFCAB5 /* Base */ = {isa = PBXFileReference; lastKnownFileType = file.storyboard; name = Base; path = Base.lproj/Main.storyboard; sourceTree = "<group>"; };
		B9EE4272286B5F7000CFCAB5 /* ToDoList.xcdatamodel */ = {isa = PBXFileReference; lastKnownFileType = wrapper.xcdatamodel; path = ToDoList.xcdatamodel; sourceTree = "<group>"; };
		B9EE4274286B5F7100CFCAB5 /* Assets.xcassets */ = {isa = PBXFileReference; lastKnownFileType = folder.assetcatalog; path = Assets.xcassets; sourceTree = "<group>"; };
		B9EE4277286B5F7100CFCAB5 /* Base */ = {isa = PBXFileReference; lastKnownFileType = file.storyboard; name = Base; path = Base.lproj/LaunchScreen.storyboard; sourceTree = "<group>"; };
		B9EE4279286B5F7100CFCAB5 /* Info.plist */ = {isa = PBXFileReference; lastKnownFileType = text.plist.xml; path = Info.plist; sourceTree = "<group>"; };
		B9EE427E286B5F7200CFCAB5 /* ToDoListTests.xctest */ = {isa = PBXFileReference; explicitFileType = wrapper.cfbundle; includeInIndex = 0; path = ToDoListTests.xctest; sourceTree = BUILT_PRODUCTS_DIR; };
		B9EE4282286B5F7200CFCAB5 /* ToDoListTests.swift */ = {isa = PBXFileReference; lastKnownFileType = sourcecode.swift; path = ToDoListTests.swift; sourceTree = "<group>"; };
		B9EE4288286B5F7200CFCAB5 /* ToDoListUITests.xctest */ = {isa = PBXFileReference; explicitFileType = wrapper.cfbundle; includeInIndex = 0; path = ToDoListUITests.xctest; sourceTree = BUILT_PRODUCTS_DIR; };
		B9EE428C286B5F7200CFCAB5 /* ToDoListUITests.swift */ = {isa = PBXFileReference; lastKnownFileType = sourcecode.swift; path = ToDoListUITests.swift; sourceTree = "<group>"; };
		B9EE428E286B5F7200CFCAB5 /* ToDoListUITestsLaunchTests.swift */ = {isa = PBXFileReference; lastKnownFileType = sourcecode.swift; path = ToDoListUITestsLaunchTests.swift; sourceTree = "<group>"; };
		B9EE429B286B640300CFCAB5 /* ToDoTableViewController.swift */ = {isa = PBXFileReference; lastKnownFileType = sourcecode.swift; path = ToDoTableViewController.swift; sourceTree = "<group>"; };
		B9EE429D286B645C00CFCAB5 /* ToDo.swift */ = {isa = PBXFileReference; lastKnownFileType = sourcecode.swift; path = ToDo.swift; sourceTree = "<group>"; };
/* End PBXFileReference section */

/* Begin PBXFrameworksBuildPhase section */
		B9EE4262286B5F7000CFCAB5 /* Frameworks */ = {
			isa = PBXFrameworksBuildPhase;
			buildActionMask = 2147483647;
			files = (
			);
			runOnlyForDeploymentPostprocessing = 0;
		};
		B9EE427B286B5F7200CFCAB5 /* Frameworks */ = {
			isa = PBXFrameworksBuildPhase;
			buildActionMask = 2147483647;
			files = (
			);
			runOnlyForDeploymentPostprocessing = 0;
		};
		B9EE4285286B5F7200CFCAB5 /* Frameworks */ = {
			isa = PBXFrameworksBuildPhase;
			buildActionMask = 2147483647;
			files = (
			);
			runOnlyForDeploymentPostprocessing = 0;
		};
/* End PBXFrameworksBuildPhase section */

/* Begin PBXGroup section */
		B9EE425C286B5F7000CFCAB5 = {
			isa = PBXGroup;
			children = (
				B9EE4267286B5F7000CFCAB5 /* ToDoList */,
				B9EE4281286B5F7200CFCAB5 /* ToDoListTests */,
				B9EE428B286B5F7200CFCAB5 /* ToDoListUITests */,
				B9EE4266286B5F7000CFCAB5 /* Products */,
			);
			sourceTree = "<group>";
		};
		B9EE4266286B5F7000CFCAB5 /* Products */ = {
			isa = PBXGroup;
			children = (
				B9EE4265286B5F7000CFCAB5 /* ToDoList.app */,
				B9EE427E286B5F7200CFCAB5 /* ToDoListTests.xctest */,
				B9EE4288286B5F7200CFCAB5 /* ToDoListUITests.xctest */,
			);
			name = Products;
			sourceTree = "<group>";
		};
		B9EE4267286B5F7000CFCAB5 /* ToDoList */ = {
			isa = PBXGroup;
			children = (
				B9EE4268286B5F7000CFCAB5 /* AppDelegate.swift */,
				B9EE426A286B5F7000CFCAB5 /* SceneDelegate.swift */,
				B9EE426C286B5F7000CFCAB5 /* ViewController.swift */,
				B9EE426E286B5F7000CFCAB5 /* Main.storyboard */,
				B9EE4274286B5F7100CFCAB5 /* Assets.xcassets */,
				B9EE4276286B5F7100CFCAB5 /* LaunchScreen.storyboard */,
				B9EE4279286B5F7100CFCAB5 /* Info.plist */,
				B9EE4271286B5F7000CFCAB5 /* ToDoList.xcdatamodeld */,
				B9EE429B286B640300CFCAB5 /* ToDoTableViewController.swift */,
				B9EE429D286B645C00CFCAB5 /* ToDo.swift */,
			);
			path = ToDoList;
			sourceTree = "<group>";
		};
		B9EE4281286B5F7200CFCAB5 /* ToDoListTests */ = {
			isa = PBXGroup;
			children = (
				B9EE4282286B5F7200CFCAB5 /* ToDoListTests.swift */,
			);
			path = ToDoListTests;
			sourceTree = "<group>";
		};
		B9EE428B286B5F7200CFCAB5 /* ToDoListUITests */ = {
			isa = PBXGroup;
			children = (
				B9EE428C286B5F7200CFCAB5 /* ToDoListUITests.swift */,
				B9EE428E286B5F7200CFCAB5 /* ToDoListUITestsLaunchTests.swift */,
			);
			path = ToDoListUITests;
			sourceTree = "<group>";
		};
/* End PBXGroup section */

/* Begin PBXNativeTarget section */
		B9EE4264286B5F7000CFCAB5 /* ToDoList */ = {
			isa = PBXNativeTarget;
			buildConfigurationList = B9EE4292286B5F7200CFCAB5 /* Build configuration list for PBXNativeTarget "ToDoList" */;
			buildPhases = (
				B9EE4261286B5F7000CFCAB5 /* Sources */,
				B9EE4262286B5F7000CFCAB5 /* Frameworks */,
				B9EE4263286B5F7000CFCAB5 /* Resources */,
			);
			buildRules = (
			);
			dependencies = (
			);
			name = ToDoList;
			productName = ToDoList;
			productReference = B9EE4265286B5F7000CFCAB5 /* ToDoList.app */;
			productType = "com.apple.product-type.application";
		};
		B9EE427D286B5F7200CFCAB5 /* ToDoListTests */ = {
			isa = PBXNativeTarget;
			buildConfigurationList = B9EE4295286B5F7200CFCAB5 /* Build configuration list for PBXNativeTarget "ToDoListTests" */;
			buildPhases = (
				B9EE427A286B5F7200CFCAB5 /* Sources */,
				B9EE427B286B5F7200CFCAB5 /* Frameworks */,
				B9EE427C286B5F7200CFCAB5 /* Resources */,
			);
			buildRules = (
			);
			dependencies = (
				B9EE4280286B5F7200CFCAB5 /* PBXTargetDependency */,
			);
			name = ToDoListTests;
			productName = ToDoListTests;
			productReference = B9EE427E286B5F7200CFCAB5 /* ToDoListTests.xctest */;
			productType = "com.apple.product-type.bundle.unit-test";
		};
		B9EE4287286B5F7200CFCAB5 /* ToDoListUITests */ = {
			isa = PBXNativeTarget;
			buildConfigurationList = B9EE4298286B5F7200CFCAB5 /* Build configuration list for PBXNativeTarget "ToDoListUITests" */;
			buildPhases = (
				B9EE4284286B5F7200CFCAB5 /* Sources */,
				B9EE4285286B5F7200CFCAB5 /* Frameworks */,
				B9EE4286286B5F7200CFCAB5 /* Resources */,
			);
			buildRules = (
			);
			dependencies = (
				B9EE428A286B5F7200CFCAB5 /* PBXTargetDependency */,
			);
			name = ToDoListUITests;
			productName = ToDoListUITests;
			productReference = B9EE4288286B5F7200CFCAB5 /* ToDoListUITests.xctest */;
			productType = "com.apple.product-type.bundle.ui-testing";
		};
/* End PBXNativeTarget section */

/* Begin PBXProject section */
		B9EE425D286B5F7000CFCAB5 /* Project object */ = {
			isa = PBXProject;
			attributes = {
				BuildIndependentTargetsInParallel = 1;
				LastSwiftUpdateCheck = 1340;
				LastUpgradeCheck = 1340;
				TargetAttributes = {
					B9EE4264286B5F7000CFCAB5 = {
						CreatedOnToolsVersion = 13.4.1;
					};
					B9EE427D286B5F7200CFCAB5 = {
						CreatedOnToolsVersion = 13.4.1;
						TestTargetID = B9EE4264286B5F7000CFCAB5;
					};
					B9EE4287286B5F7200CFCAB5 = {
						CreatedOnToolsVersion = 13.4.1;
						TestTargetID = B9EE4264286B5F7000CFCAB5;
					};
				};
			};
			buildConfigurationList = B9EE4260286B5F7000CFCAB5 /* Build configuration list for PBXProject "ToDoList" */;
			compatibilityVersion = "Xcode 13.0";
			developmentRegion = en;
			hasScannedForEncodings = 0;
			knownRegions = (
				en,
				Base,
			);
			mainGroup = B9EE425C286B5F7000CFCAB5;
			productRefGroup = B9EE4266286B5F7000CFCAB5 /* Products */;
			projectDirPath = "";
			projectRoot = "";
			targets = (
				B9EE4264286B5F7000CFCAB5 /* ToDoList */,
				B9EE427D286B5F7200CFCAB5 /* ToDoListTests */,
				B9EE4287286B5F7200CFCAB5 /* ToDoListUITests */,
			);
		};
/* End PBXProject section */

/* Begin PBXResourcesBuildPhase section */
		B9EE4263286B5F7000CFCAB5 /* Resources */ = {
			isa = PBXResourcesBuildPhase;
			buildActionMask = 2147483647;
			files = (
				B9EE4278286B5F7100CFCAB5 /* LaunchScreen.storyboard in Resources */,
				B9EE4275286B5F7100CFCAB5 /* Assets.xcassets in Resources */,
				B9EE4270286B5F7000CFCAB5 /* Main.storyboard in Resources */,
			);
			runOnlyForDeploymentPostprocessing = 0;
		};
		B9EE427C286B5F7200CFCAB5 /* Resources */ = {
			isa = PBXResourcesBuildPhase;
			buildActionMask = 2147483647;
			files = (
			);
			runOnlyForDeploymentPostprocessing = 0;
		};
		B9EE4286286B5F7200CFCAB5 /* Resources */ = {
			isa = PBXResourcesBuildPhase;
			buildActionMask = 2147483647;
			files = (
			);
			runOnlyForDeploymentPostprocessing = 0;
		};
/* End PBXResourcesBuildPhase section */

/* Begin PBXSourcesBuildPhase section */
		B9EE4261286B5F7000CFCAB5 /* Sources */ = {
			isa = PBXSourcesBuildPhase;
			buildActionMask = 2147483647;
			files = (
				B9EE426D286B5F7000CFCAB5 /* ViewController.swift in Sources */,
				B9EE4269286B5F7000CFCAB5 /* AppDelegate.swift in Sources */,
				B9EE426B286B5F7000CFCAB5 /* SceneDelegate.swift in Sources */,
				B9EE429E286B645C00CFCAB5 /* ToDo.swift in Sources */,
				B9EE4273286B5F7000CFCAB5 /* ToDoList.xcdatamodeld in Sources */,
				B9EE429C286B640300CFCAB5 /* ToDoTableViewController.swift in Sources */,
			);
			runOnlyForDeploymentPostprocessing = 0;
		};
		B9EE427A286B5F7200CFCAB5 /* Sources */ = {
			isa = PBXSourcesBuildPhase;
			buildActionMask = 2147483647;
			files = (
				B9EE4283286B5F7200CFCAB5 /* ToDoListTests.swift in Sources */,
			);
			runOnlyForDeploymentPostprocessing = 0;
		};
		B9EE4284286B5F7200CFCAB5 /* Sources */ = {
			isa = PBXSourcesBuildPhase;
			buildActionMask = 2147483647;
			files = (
				B9EE428F286B5F7200CFCAB5 /* ToDoListUITestsLaunchTests.swift in Sources */,
				B9EE428D286B5F7200CFCAB5 /* ToDoListUITests.swift in Sources */,
			);
			runOnlyForDeploymentPostprocessing = 0;
		};
/* End PBXSourcesBuildPhase section */

/* Begin PBXTargetDependency section */
		B9EE4280286B5F7200CFCAB5 /* PBXTargetDependency */ = {
			isa = PBXTargetDependency;
			target = B9EE4264286B5F7000CFCAB5 /* ToDoList */;
			targetProxy = B9EE427F286B5F7200CFCAB5 /* PBXContainerItemProxy */;
		};
		B9EE428A286B5F7200CFCAB5 /* PBXTargetDependency */ = {
			isa = PBXTargetDependency;
			target = B9EE4264286B5F7000CFCAB5 /* ToDoList */;
			targetProxy = B9EE4289286B5F7200CFCAB5 /* PBXContainerItemProxy */;
		};
/* End PBXTargetDependency section */

/* Begin PBXVariantGroup section */
		B9EE426E286B5F7000CFCAB5 /* Main.storyboard */ = {
			isa = PBXVariantGroup;
			children = (
				B9EE426F286B5F7000CFCAB5 /* Base */,
			);
			name = Main.storyboard;
			sourceTree = "<group>";
		};
		B9EE4276286B5F7100CFCAB5 /* LaunchScreen.storyboard */ = {
			isa = PBXVariantGroup;
			children = (
				B9EE4277286B5F7100CFCAB5 /* Base */,
			);
			name = LaunchScreen.storyboard;
			sourceTree = "<group>";
		};
/* End PBXVariantGroup section */

/* Begin XCBuildConfiguration section */
		B9EE4290286B5F7200CFCAB5 /* Debug */ = {
			isa = XCBuildConfiguration;
			buildSettings = {
				ALWAYS_SEARCH_USER_PATHS = NO;
				CLANG_ANALYZER_NONNULL = YES;
				CLANG_ANALYZER_NUMBER_OBJECT_CONVERSION = YES_AGGRESSIVE;
				CLANG_CXX_LANGUAGE_STANDARD = "gnu++17";
				CLANG_ENABLE_MODULES = YES;
				CLANG_ENABLE_OBJC_ARC = YES;
				CLANG_ENABLE_OBJC_WEAK = YES;
				CLANG_WARN_BLOCK_CAPTURE_AUTORELEASING = YES;
				CLANG_WARN_BOOL_CONVERSION = YES;
				CLANG_WARN_COMMA = YES;
				CLANG_WARN_CONSTANT_CONVERSION = YES;
				CLANG_WARN_DEPRECATED_OBJC_IMPLEMENTATIONS = YES;
				CLANG_WARN_DIRECT_OBJC_ISA_USAGE = YES_ERROR;
				CLANG_WARN_DOCUMENTATION_COMMENTS = YES;
				CLANG_WARN_EMPTY_BODY = YES;
				CLANG_WARN_ENUM_CONVERSION = YES;
				CLANG_WARN_INFINITE_RECURSION = YES;
				CLANG_WARN_INT_CONVERSION = YES;
				CLANG_WARN_NON_LITERAL_NULL_CONVERSION = YES;
				CLANG_WARN_OBJC_IMPLICIT_RETAIN_SELF = YES;
				CLANG_WARN_OBJC_LITERAL_CONVERSION = YES;
				CLANG_WARN_OBJC_ROOT_CLASS = YES_ERROR;
				CLANG_WARN_QUOTED_INCLUDE_IN_FRAMEWORK_HEADER = YES;
				CLANG_WARN_RANGE_LOOP_ANALYSIS = YES;
				CLANG_WARN_STRICT_PROTOTYPES = YES;
				CLANG_WARN_SUSPICIOUS_MOVE = YES;
				CLANG_WARN_UNGUARDED_AVAILABILITY = YES_AGGRESSIVE;
				CLANG_WARN_UNREACHABLE_CODE = YES;
				CLANG_WARN__DUPLICATE_METHOD_MATCH = YES;
				COPY_PHASE_STRIP = NO;
				DEBUG_INFORMATION_FORMAT = dwarf;
				ENABLE_STRICT_OBJC_MSGSEND = YES;
				ENABLE_TESTABILITY = YES;
				GCC_C_LANGUAGE_STANDARD = gnu11;
				GCC_DYNAMIC_NO_PIC = NO;
				GCC_NO_COMMON_BLOCKS = YES;
				GCC_OPTIMIZATION_LEVEL = 0;
				GCC_PREPROCESSOR_DEFINITIONS = (
					"DEBUG=1",
					"$(inherited)",
				);
				GCC_WARN_64_TO_32_BIT_CONVERSION = YES;
				GCC_WARN_ABOUT_RETURN_TYPE = YES_ERROR;
				GCC_WARN_UNDECLARED_SELECTOR = YES;
				GCC_WARN_UNINITIALIZED_AUTOS = YES_AGGRESSIVE;
				GCC_WARN_UNUSED_FUNCTION = YES;
				GCC_WARN_UNUSED_VARIABLE = YES;
				IPHONEOS_DEPLOYMENT_TARGET = 15.5;
				MTL_ENABLE_DEBUG_INFO = INCLUDE_SOURCE;
				MTL_FAST_MATH = YES;
				ONLY_ACTIVE_ARCH = YES;
				SDKROOT = iphoneos;
				SWIFT_ACTIVE_COMPILATION_CONDITIONS = DEBUG;
				SWIFT_OPTIMIZATION_LEVEL = "-Onone";
			};
			name = Debug;
		};
		B9EE4291286B5F7200CFCAB5 /* Release */ = {
			isa = XCBuildConfiguration;
			buildSettings = {
				ALWAYS_SEARCH_USER_PATHS = NO;
				CLANG_ANALYZER_NONNULL = YES;
				CLANG_ANALYZER_NUMBER_OBJECT_CONVERSION = YES_AGGRESSIVE;
				CLANG_CXX_LANGUAGE_STANDARD = "gnu++17";
				CLANG_ENABLE_MODULES = YES;
				CLANG_ENABLE_OBJC_ARC = YES;
				CLANG_ENABLE_OBJC_WEAK = YES;
				CLANG_WARN_BLOCK_CAPTURE_AUTORELEASING = YES;
				CLANG_WARN_BOOL_CONVERSION = YES;
				CLANG_WARN_COMMA = YES;
				CLANG_WARN_CONSTANT_CONVERSION = YES;
				CLANG_WARN_DEPRECATED_OBJC_IMPLEMENTATIONS = YES;
				CLANG_WARN_DIRECT_OBJC_ISA_USAGE = YES_ERROR;
				CLANG_WARN_DOCUMENTATION_COMMENTS = YES;
				CLANG_WARN_EMPTY_BODY = YES;
				CLANG_WARN_ENUM_CONVERSION = YES;
				CLANG_WARN_INFINITE_RECURSION = YES;
				CLANG_WARN_INT_CONVERSION = YES;
				CLANG_WARN_NON_LITERAL_NULL_CONVERSION = YES;
				CLANG_WARN_OBJC_IMPLICIT_RETAIN_SELF = YES;
				CLANG_WARN_OBJC_LITERAL_CONVERSION = YES;
				CLANG_WARN_OBJC_ROOT_CLASS = YES_ERROR;
				CLANG_WARN_QUOTED_INCLUDE_IN_FRAMEWORK_HEADER = YES;
				CLANG_WARN_RANGE_LOOP_ANALYSIS = YES;
				CLANG_WARN_STRICT_PROTOTYPES = YES;
				CLANG_WARN_SUSPICIOUS_MOVE = YES;
				CLANG_WARN_UNGUARDED_AVAILABILITY = YES_AGGRESSIVE;
				CLANG_WARN_UNREACHABLE_CODE = YES;
				CLANG_WARN__DUPLICATE_METHOD_MATCH = YES;
				COPY_PHASE_STRIP = NO;
				DEBUG_INFORMATION_FORMAT = "dwarf-with-dsym";
				ENABLE_NS_ASSERTIONS = NO;
				ENABLE_STRICT_OBJC_MSGSEND = YES;
				GCC_C_LANGUAGE_STANDARD = gnu11;
				GCC_NO_COMMON_BLOCKS = YES;
				GCC_WARN_64_TO_32_BIT_CONVERSION = YES;
				GCC_WARN_ABOUT_RETURN_TYPE = YES_ERROR;
				GCC_WARN_UNDECLARED_SELECTOR = YES;
				GCC_WARN_UNINITIALIZED_AUTOS = YES_AGGRESSIVE;
				GCC_WARN_UNUSED_FUNCTION = YES;
				GCC_WARN_UNUSED_VARIABLE = YES;
				IPHONEOS_DEPLOYMENT_TARGET = 15.5;
				MTL_ENABLE_DEBUG_INFO = NO;
				MTL_FAST_MATH = YES;
				SDKROOT = iphoneos;
				SWIFT_COMPILATION_MODE = wholemodule;
				SWIFT_OPTIMIZATION_LEVEL = "-O";
				VALIDATE_PRODUCT = YES;
			};
			name = Release;
		};
		B9EE4293286B5F7200CFCAB5 /* Debug */ = {
			isa = XCBuildConfiguration;
			buildSettings = {
				ASSETCATALOG_COMPILER_APPICON_NAME = AppIcon;
				ASSETCATALOG_COMPILER_GLOBAL_ACCENT_COLOR_NAME = AccentColor;
				CODE_SIGN_STYLE = Automatic;
				CURRENT_PROJECT_VERSION = 1;
				GENERATE_INFOPLIST_FILE = YES;
				INFOPLIST_FILE = ToDoList/Info.plist;
				INFOPLIST_KEY_UIApplicationSupportsIndirectInputEvents = YES;
				INFOPLIST_KEY_UILaunchStoryboardName = LaunchScreen;
				INFOPLIST_KEY_UIMainStoryboardFile = Main;
				INFOPLIST_KEY_UISupportedInterfaceOrientations_iPad = "UIInterfaceOrientationPortrait UIInterfaceOrientationPortraitUpsideDown UIInterfaceOrientationLandscapeLeft UIInterfaceOrientationLandscapeRight";
				INFOPLIST_KEY_UISupportedInterfaceOrientations_iPhone = "UIInterfaceOrientationPortrait UIInterfaceOrientationLandscapeLeft UIInterfaceOrientationLandscapeRight";
				LD_RUNPATH_SEARCH_PATHS = (
					"$(inherited)",
					"@executable_path/Frameworks",
				);
				MARKETING_VERSION = 1.0;
				PRODUCT_BUNDLE_IDENTIFIER = kwk.ToDoList;
				PRODUCT_NAME = "$(TARGET_NAME)";
				SWIFT_EMIT_LOC_STRINGS = YES;
				SWIFT_VERSION = 5.0;
				TARGETED_DEVICE_FAMILY = "1,2";
			};
			name = Debug;
		};
		B9EE4294286B5F7200CFCAB5 /* Release */ = {
			isa = XCBuildConfiguration;
			buildSettings = {
				ASSETCATALOG_COMPILER_APPICON_NAME = AppIcon;
				ASSETCATALOG_COMPILER_GLOBAL_ACCENT_COLOR_NAME = AccentColor;
				CODE_SIGN_STYLE = Automatic;
				CURRENT_PROJECT_VERSION = 1;
				GENERATE_INFOPLIST_FILE = YES;
				INFOPLIST_FILE = ToDoList/Info.plist;
				INFOPLIST_KEY_UIApplicationSupportsIndirectInputEvents = YES;
				INFOPLIST_KEY_UILaunchStoryboardName = LaunchScreen;
				INFOPLIST_KEY_UIMainStoryboardFile = Main;
				INFOPLIST_KEY_UISupportedInterfaceOrientations_iPad = "UIInterfaceOrientationPortrait UIInterfaceOrientationPortraitUpsideDown UIInterfaceOrientationLandscapeLeft UIInterfaceOrientationLandscapeRight";
				INFOPLIST_KEY_UISupportedInterfaceOrientations_iPhone = "UIInterfaceOrientationPortrait UIInterfaceOrientationLandscapeLeft UIInterfaceOrientationLandscapeRight";
				LD_RUNPATH_SEARCH_PATHS = (
					"$(inherited)",
					"@executable_path/Frameworks",
				);
				MARKETING_VERSION = 1.0;
				PRODUCT_BUNDLE_IDENTIFIER = kwk.ToDoList;
				PRODUCT_NAME = "$(TARGET_NAME)";
				SWIFT_EMIT_LOC_STRINGS = YES;
				SWIFT_VERSION = 5.0;
				TARGETED_DEVICE_FAMILY = "1,2";
			};
			name = Release;
		};
		B9EE4296286B5F7200CFCAB5 /* Debug */ = {
			isa = XCBuildConfiguration;
			buildSettings = {
				ALWAYS_EMBED_SWIFT_STANDARD_LIBRARIES = YES;
				BUNDLE_LOADER = "$(TEST_HOST)";
				CODE_SIGN_STYLE = Automatic;
				CURRENT_PROJECT_VERSION = 1;
				GENERATE_INFOPLIST_FILE = YES;
				IPHONEOS_DEPLOYMENT_TARGET = 15.5;
				MARKETING_VERSION = 1.0;
				PRODUCT_BUNDLE_IDENTIFIER = kwk.ToDoListTests;
				PRODUCT_NAME = "$(TARGET_NAME)";
				SWIFT_EMIT_LOC_STRINGS = NO;
				SWIFT_VERSION = 5.0;
				TARGETED_DEVICE_FAMILY = "1,2";
				TEST_HOST = "$(BUILT_PRODUCTS_DIR)/ToDoList.app/ToDoList";
			};
			name = Debug;
		};
		B9EE4297286B5F7200CFCAB5 /* Release */ = {
			isa = XCBuildConfiguration;
			buildSettings = {
				ALWAYS_EMBED_SWIFT_STANDARD_LIBRARIES = YES;
				BUNDLE_LOADER = "$(TEST_HOST)";
				CODE_SIGN_STYLE = Automatic;
				CURRENT_PROJECT_VERSION = 1;
				GENERATE_INFOPLIST_FILE = YES;
				IPHONEOS_DEPLOYMENT_TARGET = 15.5;
				MARKETING_VERSION = 1.0;
				PRODUCT_BUNDLE_IDENTIFIER = kwk.ToDoListTests;
				PRODUCT_NAME = "$(TARGET_NAME)";
				SWIFT_EMIT_LOC_STRINGS = NO;
				SWIFT_VERSION = 5.0;
				TARGETED_DEVICE_FAMILY = "1,2";
				TEST_HOST = "$(BUILT_PRODUCTS_DIR)/ToDoList.app/ToDoList";
			};
			name = Release;
		};
		B9EE4299286B5F7200CFCAB5 /* Debug */ = {
			isa = XCBuildConfiguration;
			buildSettings = {
				ALWAYS_EMBED_SWIFT_STANDARD_LIBRARIES = YES;
				CODE_SIGN_STYLE = Automatic;
				CURRENT_PROJECT_VERSION = 1;
				GENERATE_INFOPLIST_FILE = YES;
				MARKETING_VERSION = 1.0;
				PRODUCT_BUNDLE_IDENTIFIER = kwk.ToDoListUITests;
				PRODUCT_NAME = "$(TARGET_NAME)";
				SWIFT_EMIT_LOC_STRINGS = NO;
				SWIFT_VERSION = 5.0;
				TARGETED_DEVICE_FAMILY = "1,2";
				TEST_TARGET_NAME = ToDoList;
			};
			name = Debug;
		};
		B9EE429A286B5F7200CFCAB5 /* Release */ = {
			isa = XCBuildConfiguration;
			buildSettings = {
				ALWAYS_EMBED_SWIFT_STANDARD_LIBRARIES = YES;
				CODE_SIGN_STYLE = Automatic;
				CURRENT_PROJECT_VERSION = 1;
				GENERATE_INFOPLIST_FILE = YES;
				MARKETING_VERSION = 1.0;
				PRODUCT_BUNDLE_IDENTIFIER = kwk.ToDoListUITests;
				PRODUCT_NAME = "$(TARGET_NAME)";
				SWIFT_EMIT_LOC_STRINGS = NO;
				SWIFT_VERSION = 5.0;
				TARGETED_DEVICE_FAMILY = "1,2";
				TEST_TARGET_NAME = ToDoList;
			};
			name = Release;
		};
/* End XCBuildConfiguration section */

/* Begin XCConfigurationList section */
		B9EE4260286B5F7000CFCAB5 /* Build configuration list for PBXProject "ToDoList" */ = {
			isa = XCConfigurationList;
			buildConfigurations = (
				B9EE4290286B5F7200CFCAB5 /* Debug */,
				B9EE4291286B5F7200CFCAB5 /* Release */,
			);
			defaultConfigurationIsVisible = 0;
			defaultConfigurationName = Release;
		};
		B9EE4292286B5F7200CFCAB5 /* Build configuration list for PBXNativeTarget "ToDoList" */ = {
			isa = XCConfigurationList;
			buildConfigurations = (
				B9EE4293286B5F7200CFCAB5 /* Debug */,
				B9EE4294286B5F7200CFCAB5 /* Release */,
			);
			defaultConfigurationIsVisible = 0;
			defaultConfigurationName = Release;
		};
		B9EE4295286B5F7200CFCAB5 /* Build configuration list for PBXNativeTarget "ToDoListTests" */ = {
			isa = XCConfigurationList;
			buildConfigurations = (
				B9EE4296286B5F7200CFCAB5 /* Debug */,
				B9EE4297286B5F7200CFCAB5 /* Release */,
			);
			defaultConfigurationIsVisible = 0;
			defaultConfigurationName = Release;
		};
		B9EE4298286B5F7200CFCAB5 /* Build configuration list for PBXNativeTarget "ToDoListUITests" */ = {
			isa = XCConfigurationList;
			buildConfigurations = (
				B9EE4299286B5F7200CFCAB5 /* Debug */,
				B9EE429A286B5F7200CFCAB5 /* Release */,
			);
			defaultConfigurationIsVisible = 0;
			defaultConfigurationName = Release;
		};
/* End XCConfigurationList section */

/* Begin XCVersionGroup section */
		B9EE4271286B5F7000CFCAB5 /* ToDoList.xcdatamodeld */ = {
			isa = XCVersionGroup;
			children = (
				B9EE4272286B5F7000CFCAB5 /* ToDoList.xcdatamodel */,
			);
			currentVersion = B9EE4272286B5F7000CFCAB5 /* ToDoList.xcdatamodel */;
			path = ToDoList.xcdatamodeld;
			sourceTree = "<group>";
			versionGroupType = wrapper.xcdatamodel;
		};
/* End XCVersionGroup section */
	};
	rootObject = B9EE425D286B5F7000CFCAB5 /* Project object */;
}
